
Microsoft Visual Studio Solution File, Format Version 12.00
# Visual Studio Version 16
VisualStudioVersion = 16.0.31129.286
MinimumVisualStudioVersion = 10.0.40219.1
Project("{FAE04EC0-301F-11D3-BF4B-00C04F79EFBC}") = "Exercise", "Exercise.csproj", "{306EE128-DDBF-413D-9031-FD727441156C}"
EndProject
Global
	GlobalSection(SolutionConfigurationPlatforms) = preSolution
		Debug|Any CPU = Debug|Any CPU
		Release|Any CPU = Release|Any CPU
	EndGlobalSection
	GlobalSection(ProjectConfigurationPlatforms) = postSolution
		{306EE128-DDBF-413D-9031-FD727441156C}.Debug|Any CPU.ActiveCfg = Debug|Any CPU
		{306EE128-DDBF-413D-9031-FD727441156C}.Debug|Any CPU.Build.0 = Debug|Any CPU
		{306EE128-DDBF-413D-9031-FD727441156C}.Release|Any CPU.ActiveCfg = Release|Any CPU
		{306EE128-DDBF-413D-9031-FD727441156C}.Release|Any CPU.Build.0 = Release|Any CPU
	EndGlobalSection
	GlobalSection(SolutionProperties) = preSolution
		HideSolutionNode = FALSE
	EndGlobalSection
	GlobalSection(ExtensibilityGlobals) = postSolution
		SolutionGuid = {C0A15938-6F0B-4158-8186-CF05A816D340}
	EndGlobalSection
EndGlobal
